
Microsoft Visual Studio Solution File, Format Version 12.00
# Visual Studio Version 17
VisualStudioVersion = 17.3.32901.215
MinimumVisualStudioVersion = 10.0.40219.1
Project("{9A19103F-16F7-4668-BE54-9A1E7A4F7556}") = "VilllaParks", "VilllaParks.csproj", "{5310FE82-C207-4121-8187-EEE41FF4F72C}"
EndProject
Project("{FAE04EC0-301F-11D3-BF4B-00C04F79EFBC}") = "VillaPark_webProject", "..\VillaPark_webProject\VillaPark_webProject.csproj", "{9C65D4FA-2140-4B3F-ACFF-6C980D250DC1}"
EndProject
Project("{FAE04EC0-301F-11D3-BF4B-00C04F79EFBC}") = "VillaParkUtility", "..\VillaParkUtility\VillaParkUtility.csproj", "{9EA5C5B9-BD07-467A-9DE4-0B9B2B2B78F6}"
EndProject
Global
	GlobalSection(SolutionConfigurationPlatforms) = preSolution
		Debug|Any CPU = Debug|Any CPU
		Release|Any CPU = Release|Any CPU
	EndGlobalSection
	GlobalSection(ProjectConfigurationPlatforms) = postSolution
		{5310FE82-C207-4121-8187-EEE41FF4F72C}.Debug|Any CPU.ActiveCfg = Debug|Any CPU
		{5310FE82-C207-4121-8187-EEE41FF4F72C}.Debug|Any CPU.Build.0 = Debug|Any CPU
		{5310FE82-C207-4121-8187-EEE41FF4F72C}.Release|Any CPU.ActiveCfg = Release|Any CPU
		{5310FE82-C207-4121-8187-EEE41FF4F72C}.Release|Any CPU.Build.0 = Release|Any CPU
		{9C65D4FA-2140-4B3F-ACFF-6C980D250DC1}.Debug|Any CPU.ActiveCfg = Debug|Any CPU
		{9C65D4FA-2140-4B3F-ACFF-6C980D250DC1}.Debug|Any CPU.Build.0 = Debug|Any CPU
		{9C65D4FA-2140-4B3F-ACFF-6C980D250DC1}.Release|Any CPU.ActiveCfg = Release|Any CPU
		{9C65D4FA-2140-4B3F-ACFF-6C980D250DC1}.Release|Any CPU.Build.0 = Release|Any CPU
		{9EA5C5B9-BD07-467A-9DE4-0B9B2B2B78F6}.Debug|Any CPU.ActiveCfg = Debug|Any CPU
		{9EA5C5B9-BD07-467A-9DE4-0B9B2B2B78F6}.Debug|Any CPU.Build.0 = Debug|Any CPU
		{9EA5C5B9-BD07-467A-9DE4-0B9B2B2B78F6}.Release|Any CPU.ActiveCfg = Release|Any CPU
		{9EA5C5B9-BD07-467A-9DE4-0B9B2B2B78F6}.Release|Any CPU.Build.0 = Release|Any CPU
	EndGlobalSection
	GlobalSection(SolutionProperties) = preSolution
		HideSolutionNode = FALSE
	EndGlobalSection
	GlobalSection(ExtensibilityGlobals) = postSolution
		SolutionGuid = {FD332644-1F90-4D3D-A938-492DB66ADB50}
	EndGlobalSection
EndGlobal
